{
  "requires": true,
  "lockfileVersion": 1,
  "dependencies": {
    "braintree-jsdoc-template": {
      "version": "3.3.0",
      "resolved": "https://registry.npmjs.org/braintree-jsdoc-template/-/braintree-jsdoc-template-3.3.0.tgz",
      "integrity": "sha512-sjkq3w1Dt1HO/yKa2WzFpsi+cuO5qv0kD2kHl6T0amdrnQX9T7sQBBde56iYR1dzXFYMXyh7ti/662v9/00bGw=="
    }
  }
}
